Microsoft Visual Studio Solution File, Format Version 12.00
# Visual Studio 14
VisualStudioVersion = 14.0.25420.1
MinimumVisualStudioVersion = 10.0.40219.1
Project("{2150E333-8FDC-42A3-9474-1A3956D46DE8}") = "submodules", "submodules", "{EEA49393-8858-44A0-9865-166E6D627D19}"
EndProject
Project("{2150E333-8FDC-42A3-9474-1A3956D46DE8}") = "Util", "Util", "{144F12F5-7CDB-47EC-865A-5D682001A68A}"
EndProject
Project("{FAE04EC0-301F-11D3-BF4B-00C04F79EFBC}") = "ChaosBuild.CodeFormatter", "submodules\ChaosBuild.CodeFormatter\ChaosBuild.CodeFormatter.csproj", "{01E81019-4CBD-41F4-A5C4-3227C85DCB60}"
EndProject
Project("{FAE04EC0-301F-11D3-BF4B-00C04F79EFBC}") = "ChaosBuild.Solution", "submodules\ChaosBuild.Solution\ChaosBuild.Solution.csproj", "{D68A73B8-28BE-42CD-908F-FCF2FE674912}"
EndProject
Project("{FAE04EC0-301F-11D3-BF4B-00C04F79EFBC}") = "ChaosBuild.Util", "submodules\ChaosBuild.Util\ChaosBuild.Util.csproj", "{88E46758-7074-48C2-807A-5F36796B6BAE}"
EndProject
Project("{2150E333-8FDC-42A3-9474-1A3956D46DE8}") = "Tasks", "Tasks", "{F95E1336-B9DF-44B0-B7CC-9A735349B057}"
EndProject
Project("{FAE04EC0-301F-11D3-BF4B-00C04F79EFBC}") = "ChaosBuild.CodeFormatter.Tasks", "submodules\ChaosBuild.CodeFormatter.Tasks\ChaosBuild.CodeFormatter.Tasks.csproj", "{1681F1FC-7484-4CEB-A96D-D980B8A34537}"
EndProject
Project("{FAE04EC0-301F-11D3-BF4B-00C04F79EFBC}") = "ChaosBuild.ProjectAnalyzer", "submodules\ChaosBuild.ProjectAnalyzer\ChaosBuild.ProjectAnalyzer.csproj", "{5071A341-46B3-45DD-807E-A6F58053B870}"
EndProject
Project("{2150E333-8FDC-42A3-9474-1A3956D46DE8}") = "Tools", "Tools", "{F23DFA57-B853-4604-9673-B9875B740865}"
EndProject
Global
	GlobalSection(SolutionConfigurationPlatforms) = preSolution
		Debug|Any CPU = Debug|Any CPU
		Release|Any CPU = Release|Any CPU
	EndGlobalSection
	GlobalSection(ProjectConfigurationPlatforms) = postSolution
		{01E81019-4CBD-41F4-A5C4-3227C85DCB60}.Debug|Any CPU.ActiveCfg = Debug|Any CPU
		{01E81019-4CBD-41F4-A5C4-3227C85DCB60}.Debug|Any CPU.Build.0 = Debug|Any CPU
		{01E81019-4CBD-41F4-A5C4-3227C85DCB60}.Release|Any CPU.ActiveCfg = Release|Any CPU
		{01E81019-4CBD-41F4-A5C4-3227C85DCB60}.Release|Any CPU.Build.0 = Release|Any CPU
		{D68A73B8-28BE-42CD-908F-FCF2FE674912}.Debug|Any CPU.ActiveCfg = Debug|Any CPU
		{D68A73B8-28BE-42CD-908F-FCF2FE674912}.Debug|Any CPU.Build.0 = Debug|Any CPU
		{D68A73B8-28BE-42CD-908F-FCF2FE674912}.Release|Any CPU.ActiveCfg = Release|Any CPU
		{D68A73B8-28BE-42CD-908F-FCF2FE674912}.Release|Any CPU.Build.0 = Release|Any CPU
		{88E46758-7074-48C2-807A-5F36796B6BAE}.Debug|Any CPU.ActiveCfg = Debug|Any CPU
		{88E46758-7074-48C2-807A-5F36796B6BAE}.Debug|Any CPU.Build.0 = Debug|Any CPU
		{88E46758-7074-48C2-807A-5F36796B6BAE}.Release|Any CPU.ActiveCfg = Release|Any CPU
		{88E46758-7074-48C2-807A-5F36796B6BAE}.Release|Any CPU.Build.0 = Release|Any CPU
		{1681F1FC-7484-4CEB-A96D-D980B8A34537}.Debug|Any CPU.ActiveCfg = Debug|Any CPU
		{1681F1FC-7484-4CEB-A96D-D980B8A34537}.Debug|Any CPU.Build.0 = Debug|Any CPU
		{1681F1FC-7484-4CEB-A96D-D980B8A34537}.Release|Any CPU.ActiveCfg = Release|Any CPU
		{1681F1FC-7484-4CEB-A96D-D980B8A34537}.Release|Any CPU.Build.0 = Release|Any CPU
		{5071A341-46B3-45DD-807E-A6F58053B870}.Debug|Any CPU.ActiveCfg = Debug|Any CPU
		{5071A341-46B3-45DD-807E-A6F58053B870}.Debug|Any CPU.Build.0 = Debug|Any CPU
		{5071A341-46B3-45DD-807E-A6F58053B870}.Release|Any CPU.ActiveCfg = Release|Any CPU
		{5071A341-46B3-45DD-807E-A6F58053B870}.Release|Any CPU.Build.0 = Release|Any CPU
	EndGlobalSection
	GlobalSection(SolutionProperties) = preSolution
		HideSolutionNode = FALSE
	EndGlobalSection
	GlobalSection(NestedProjects) = preSolution
		{144F12F5-7CDB-47EC-865A-5D682001A68A} = {EEA49393-8858-44A0-9865-166E6D627D19}
		{01E81019-4CBD-41F4-A5C4-3227C85DCB60} = {144F12F5-7CDB-47EC-865A-5D682001A68A}
		{D68A73B8-28BE-42CD-908F-FCF2FE674912} = {144F12F5-7CDB-47EC-865A-5D682001A68A}
		{88E46758-7074-48C2-807A-5F36796B6BAE} = {144F12F5-7CDB-47EC-865A-5D682001A68A}
		{F95E1336-B9DF-44B0-B7CC-9A735349B057} = {EEA49393-8858-44A0-9865-166E6D627D19}
		{1681F1FC-7484-4CEB-A96D-D980B8A34537} = {F95E1336-B9DF-44B0-B7CC-9A735349B057}
		{5071A341-46B3-45DD-807E-A6F58053B870} = {F95E1336-B9DF-44B0-B7CC-9A735349B057}
		{F23DFA57-B853-4604-9673-B9875B740865} = {EEA49393-8858-44A0-9865-166E6D627D19}
	EndGlobalSection
EndGlobal
